
Microsoft Visual Studio Solution File, Format Version 12.00
# Visual Studio 2013
VisualStudioVersion = 12.0.40629.0
MinimumVisualStudioVersion = 10.0.40219.1
Project("{FAE04EC0-301F-11D3-BF4B-00C04F79EFBC}") = "Proiect", "Proiect\Proiect.csproj", "{409DFDD3-DDB0-400E-91A2-83187D923B1B}"
EndProject
Global
	GlobalSection(SolutionConfigurationPlatforms) = preSolution
		Debug|Any CPU = Debug|Any CPU
		Release|Any CPU = Release|Any CPU
	EndGlobalSection
	GlobalSection(ProjectConfigurationPlatforms) = postSolution
		{409DFDD3-DDB0-400E-91A2-83187D923B1B}.Debug|Any CPU.ActiveCfg = Debug|Any CPU
		{409DFDD3-DDB0-400E-91A2-83187D923B1B}.Debug|Any CPU.Build.0 = Debug|Any CPU
		{409DFDD3-DDB0-400E-91A2-83187D923B1B}.Release|Any CPU.ActiveCfg = Release|Any CPU
		{409DFDD3-DDB0-400E-91A2-83187D923B1B}.Release|Any CPU.Build.0 = Release|Any CPU
	EndGlobalSection
	GlobalSection(SolutionProperties) = preSolution
		HideSolutionNode = FALSE
	EndGlobalSection
EndGlobal
